{
  "nodes": {
    "devshell": {
      "inputs": {
        "nixpkgs": [
          "nixpkgs"
        ]
      },
      "locked": {
        "lastModified": 1722113426,
        "narHash": "sha256-Yo/3loq572A8Su6aY5GP56knpuKYRvM2a1meP9oJZCw=",
        "owner": "numtide",
        "repo": "devshell",
        "rev": "67cce7359e4cd3c45296fb4aaf6a19e2a9c757ae",
        "type": "github"
      },
      "original": {
        "owner": "numtide",
        "repo": "devshell",
        "type": "github"
      }
    },
    "flake-compat": {
      "flake": false,
      "locked": {
        "lastModified": 1696426674,
        "narHash": "sha256-kvjfFW7WAETZlt09AgDn1MrtKzP7t90Vf7vypd3OL1U=",
        "owner": "edolstra",
        "repo": "flake-compat",
        "rev": "0f9255e01c2351cc7d116c072cb317785dd33b33",
        "type": "github"
      },
      "original": {
        "owner": "edolstra",
        "repo": "flake-compat",
        "type": "github"
      }
    },
    "flake-parts": {
      "inputs": {
        "nixpkgs-lib": "nixpkgs-lib"
      },
      "locked": {
        "lastModified": 1726153070,
        "narHash": "sha256-HO4zgY0ekfwO5bX0QH/3kJ/h4KvUDFZg8YpkNwIbg1U=",
        "owner": "hercules-ci",
        "repo": "flake-parts",
        "rev": "bcef6817a8b2aa20a5a6dbb19b43e63c5bf8619a",
        "type": "github"
      },
      "original": {
        "owner": "hercules-ci",
        "repo": "flake-parts",
        "type": "github"
      }
    },
    "flake-parts_2": {
      "inputs": {
        "nixpkgs-lib": [
          "hercules-ci-effects",
          "nixpkgs"
        ]
      },
      "locked": {
        "lastModified": 1712014858,
        "narHash": "sha256-sB4SWl2lX95bExY2gMFG5HIzvva5AVMJd4Igm+GpZNw=",
        "owner": "hercules-ci",
        "repo": "flake-parts",
        "rev": "9126214d0a59633752a136528f5f3b9aa8565b7d",
        "type": "github"
      },
      "original": {
        "id": "flake-parts",
        "type": "indirect"
      }
    },
    "flake-utils": {
      "inputs": {
        "systems": "systems"
      },
      "locked": {
        "lastModified": 1710146030,
        "narHash": "sha256-SZ5L6eA7HJ/nmkzGG7/ISclqe6oZdOZTNoesiInkXPQ=",
        "owner": "numtide",
        "repo": "flake-utils",
        "rev": "b1d9ab70662946ef0850d488da1c9019f3a9752a",
        "type": "github"
      },
      "original": {
        "owner": "numtide",
        "repo": "flake-utils",
        "type": "github"
      }
    },
    "gitignore": {
      "inputs": {
        "nixpkgs": [
          "pre-commit-hooks-nix",
          "nixpkgs"
        ]
      },
      "locked": {
        "lastModified": 1709087332,
        "narHash": "sha256-HG2cCnktfHsKV0s4XW83gU3F57gaTljL9KNSuG6bnQs=",
        "owner": "hercules-ci",
        "repo": "gitignore.nix",
        "rev": "637db329424fd7e46cf4185293b9cc8c88c95394",
        "type": "github"
      },
      "original": {
        "owner": "hercules-ci",
        "repo": "gitignore.nix",
        "type": "github"
      }
    },
    "haumea": {
      "inputs": {
        "nixpkgs": "nixpkgs"
      },
      "locked": {
        "lastModified": 1708375098,
        "narHash": "sha256-DaFJp3wDHgOqx98U0SF57bXaH2Orp106c+jSdPCVu1E=",
        "owner": "nix-community",
        "repo": "haumea",
        "rev": "ec6350fd9353e7f27ce0e85d31f82e3ed73e4d70",
        "type": "github"
      },
      "original": {
        "owner": "nix-community",
        "repo": "haumea",
        "type": "github"
      }
    },
    "hercules-ci-effects": {
      "inputs": {
        "flake-parts": "flake-parts_2",
        "nixpkgs": "nixpkgs_2"
      },
      "locked": {
        "lastModified": 1724947644,
        "narHash": "sha256-MHHrHasTngp7EYQOObHJ1a/IsRF+wodHqOckhH6uZbk=",
        "owner": "hercules-ci",
        "repo": "hercules-ci-effects",
        "rev": "dba4367b9a9d9615456c430a6d6af716f6e84cef",
        "type": "github"
      },
      "original": {
        "owner": "hercules-ci",
        "repo": "hercules-ci-effects",
        "type": "github"
      }
    },
    "incl": {
      "inputs": {
        "nixlib": "nixlib"
      },
      "locked": {
        "lastModified": 1693483555,
        "narHash": "sha256-Beq4WhSeH3jRTZgC1XopTSU10yLpK1nmMcnGoXO0XYo=",
        "owner": "divnix",
        "repo": "incl",
        "rev": "526751ad3d1e23b07944b14e3f6b7a5948d3007b",
        "type": "github"
      },
      "original": {
        "owner": "divnix",
        "repo": "incl",
        "type": "github"
      }
    },
    "lix-unit": {
      "inputs": {
        "mdbook-nixdoc": [
          "pyproject-nix",
          "mdbook-nixdoc"
        ],
        "nix-github-actions": [
          "pyproject-nix",
          "nix-github-actions"
        ],
        "nixpkgs": [
          "pyproject-nix",
          "nixpkgs"
        ],
        "treefmt-nix": [
          "pyproject-nix",
          "treefmt-nix"
        ]
      },
      "locked": {
        "lastModified": 1727322567,
        "narHash": "sha256-scZo6AyJTxTK9wYW0HmWDzLxVxOoFr7/XkIVJCmmOe4=",
        "owner": "adisbladis",
        "repo": "lix-unit",
        "rev": "59c489dbc5b27a83fadc94fde2c2b69abb4c0e80",
        "type": "github"
      },
      "original": {
        "owner": "adisbladis",
        "repo": "lix-unit",
        "type": "github"
      }
    },
    "mdbook-nixdoc": {
      "inputs": {
        "nix-github-actions": [
          "pyproject-nix",
          "nix-github-actions"
        ],
        "nixpkgs": [
          "pyproject-nix",
          "nixpkgs"
        ]
      },
      "locked": {
        "lastModified": 1708395692,
        "narHash": "sha256-smf0VmxGbjJDZqKvxxG3ZVqubgbVwAWG26wPo+BT/A0=",
        "owner": "adisbladis",
        "repo": "mdbook-nixdoc",
        "rev": "d6a71b114b9221c0b4f20d31b81766d072cc26be",
        "type": "github"
      },
      "original": {
        "owner": "adisbladis",
        "repo": "mdbook-nixdoc",
        "type": "github"
      }
    },
    "mk-shell-bin": {
      "locked": {
        "lastModified": 1677004959,
        "narHash": "sha256-/uEkr1UkJrh11vD02aqufCxtbF5YnhRTIKlx5kyvf+I=",
        "owner": "rrbutani",
        "repo": "nix-mk-shell-bin",
        "rev": "ff5d8bd4d68a347be5042e2f16caee391cd75887",
        "type": "github"
      },
      "original": {
        "owner": "rrbutani",
        "repo": "nix-mk-shell-bin",
        "type": "github"
      }
    },
    "nix-github-actions": {
      "inputs": {
        "nixpkgs": [
          "pyproject-nix",
          "nixpkgs"
        ]
      },
      "locked": {
        "lastModified": 1720066371,
        "narHash": "sha256-uPlLYH2S0ACj0IcgaK9Lsf4spmJoGejR9DotXiXSBZQ=",
        "owner": "nix-community",
        "repo": "nix-github-actions",
        "rev": "622f829f5fe69310a866c8a6cd07e747c44ef820",
        "type": "github"
      },
      "original": {
        "owner": "nix-community",
        "repo": "nix-github-actions",
        "type": "github"
      }
    },
    "nix2container": {
      "inputs": {
        "flake-utils": "flake-utils",
        "nixpkgs": [
          "nixpkgs"
        ]
      },
      "locked": {
        "lastModified": 1724996935,
        "narHash": "sha256-njRK9vvZ1JJsP8oV2OgkBrpJhgQezI03S7gzskCcHos=",
        "owner": "nlewo",
        "repo": "nix2container",
        "rev": "fa6bb0a1159f55d071ba99331355955ae30b3401",
        "type": "github"
      },
      "original": {
        "owner": "nlewo",
        "repo": "nix2container",
        "type": "github"
      }
    },
    "nixlib": {
      "locked": {
        "lastModified": 1667696192,
        "narHash": "sha256-hOdbIhnpWvtmVynKcsj10nxz9WROjZja+1wRAJ/C9+s=",
        "owner": "nix-community",
        "repo": "nixpkgs.lib",
        "rev": "babd9cd2ca6e413372ed59fbb1ecc3c3a5fd3e5b",
        "type": "github"
      },
      "original": {
        "owner": "nix-community",
        "repo": "nixpkgs.lib",
        "type": "github"
      }
    },
    "nixpkgs": {
      "locked": {
        "lastModified": 1681001314,
        "narHash": "sha256-5sDnCLdrKZqxLPK4KA8+f4A3YKO/u6ElpMILvX0g72c=",
        "owner": "nix-community",
        "repo": "nixpkgs.lib",
        "rev": "367c0e1086a4eb4502b24d872cea2c7acdd557f4",
        "type": "github"
      },
      "original": {
        "owner": "nix-community",
        "repo": "nixpkgs.lib",
        "type": "github"
      }
    },
    "nixpkgs-lib": {
      "locked": {
        "lastModified": 1725233747,
        "narHash": "sha256-Ss8QWLXdr2JCBPcYChJhz4xJm+h/xjl4G0c0XlP6a74=",
        "type": "tarball",
        "url": "https://github.com/NixOS/nixpkgs/archive/356624c12086a18f2ea2825fed34523d60ccc4e3.tar.gz"
      },
      "original": {
        "type": "tarball",
        "url": "https://github.com/NixOS/nixpkgs/archive/356624c12086a18f2ea2825fed34523d60ccc4e3.tar.gz"
      }
    },
    "nixpkgs-stable": {
      "locked": {
        "lastModified": 1720386169,
        "narHash": "sha256-NGKVY4PjzwAa4upkGtAMz1npHGoRzWotlSnVlqI40mo=",
        "owner": "NixOS",
        "repo": "nixpkgs",
        "rev": "194846768975b7ad2c4988bdb82572c00222c0d7",
        "type": "github"
      },
      "original": {
        "owner": "NixOS",
        "ref": "nixos-24.05",
        "repo": "nixpkgs",
        "type": "github"
      }
    },
    "nixpkgs_2": {
      "locked": {
        "lastModified": 1713714899,
        "narHash": "sha256-+z/XjO3QJs5rLE5UOf015gdVauVRQd2vZtsFkaXBq2Y=",
        "owner": "NixOS",
        "repo": "nixpkgs",
        "rev": "6143fc5eeb9c4f00163267708e26191d1e918932",
        "type": "github"
      },
      "original": {
        "owner": "NixOS",
        "ref": "nixos-unstable",
        "repo": "nixpkgs",
        "type": "github"
      }
    },
    "nixpkgs_3": {
      "locked": {
        "lastModified": 1727716680,
        "narHash": "sha256-uMVkVHL4r3QmlZ1JM+UoJwxqa46cgHnIfqGzVlw5ca4=",
        "owner": "NixOS",
        "repo": "nixpkgs",
        "rev": "b5b22b42c0d10c7d2463e90a546c394711e3a724",
        "type": "github"
      },
      "original": {
        "owner": "NixOS",
        "ref": "nixpkgs-unstable",
        "repo": "nixpkgs",
        "type": "github"
      }
    },
    "nixpkgs_4": {
      "locked": {
        "lastModified": 1719082008,
        "narHash": "sha256-jHJSUH619zBQ6WdC21fFAlDxHErKVDJ5fpN0Hgx4sjs=",
        "owner": "NixOS",
        "repo": "nixpkgs",
        "rev": "9693852a2070b398ee123a329e68f0dab5526681",
        "type": "github"
      },
      "original": {
        "owner": "NixOS",
        "ref": "nixpkgs-unstable",
        "repo": "nixpkgs",
        "type": "github"
      }
    },
    "pre-commit-hooks-nix": {
      "inputs": {
        "flake-compat": "flake-compat",
        "gitignore": "gitignore",
        "nixpkgs": "nixpkgs_4",
        "nixpkgs-stable": "nixpkgs-stable"
      },
      "locked": {
        "lastModified": 1727514110,
        "narHash": "sha256-0YRcOxJG12VGDFH8iS8pJ0aYQQUAgo/r3ZAL+cSh9nk=",
        "owner": "cachix",
        "repo": "pre-commit-hooks.nix",
        "rev": "85f7a7177c678de68224af3402ab8ee1bcee25c8",
        "type": "github"
      },
      "original": {
        "owner": "cachix",
        "repo": "pre-commit-hooks.nix",
        "type": "github"
      }
    },
    "pyproject-nix": {
      "inputs": {
        "lix-unit": "lix-unit",
        "mdbook-nixdoc": "mdbook-nixdoc",
        "nix-github-actions": "nix-github-actions",
        "nixpkgs": [
          "nixpkgs"
        ],
        "treefmt-nix": "treefmt-nix"
      },
      "locked": {
        "lastModified": 1727488851,
        "narHash": "sha256-cB+HUe/Pp3xqUZ18c4LnAQHq9ECyTPiiXqve5Q9sJtY=",
        "owner": "nix-community",
        "repo": "pyproject.nix",
        "rev": "3afc374cabfedd45789b99652596c2bbc9424abc",
        "type": "github"
      },
      "original": {
        "owner": "nix-community",
        "repo": "pyproject.nix",
        "type": "github"
      }
    },
    "rendercv": {
      "flake": false,
      "locked": {
        "lastModified": 1715871538,
        "narHash": "sha256-ZiJUTkSLETgU5VLNf2SYufF9yI5tFbcioVt0nIygJMs=",
        "owner": "Lehmanator",
        "repo": "rendercv",
        "rev": "94403ccd8a11b6de74c50bf984acb88810522703",
        "type": "github"
      },
      "original": {
        "owner": "Lehmanator",
        "repo": "rendercv",
        "type": "github"
      }
    },
    "root": {
      "inputs": {
        "devshell": "devshell",
        "flake-parts": "flake-parts",
        "haumea": "haumea",
        "hercules-ci-effects": "hercules-ci-effects",
        "incl": "incl",
        "mk-shell-bin": "mk-shell-bin",
        "nix2container": "nix2container",
        "nixpkgs": "nixpkgs_3",
        "pre-commit-hooks-nix": "pre-commit-hooks-nix",
        "pyproject-nix": "pyproject-nix",
        "rendercv": "rendercv",
        "treefmt-nix": "treefmt-nix_2"
      }
    },
    "systems": {
      "locked": {
        "lastModified": 1681028828,
        "narHash": "sha256-Vy1rq5AaRuLzOxct8nz4T6wlgyUR7zLU309k9mBC768=",
        "owner": "nix-systems",
        "repo": "default",
        "rev": "da67096a3b9bf56a91d16901293e51ba5b49a27e",
        "type": "github"
      },
      "original": {
        "owner": "nix-systems",
        "repo": "default",
        "type": "github"
      }
    },
    "treefmt-nix": {
      "inputs": {
        "nixpkgs": [
          "pyproject-nix",
          "nixpkgs"
        ]
      },
      "locked": {
        "lastModified": 1727252110,
        "narHash": "sha256-3O7RWiXpvqBcCl84Mvqa8dXudZ1Bol1ubNdSmQt7nF4=",
        "owner": "numtide",
        "repo": "treefmt-nix",
        "rev": "1bff2ba6ec22bc90e9ad3f7e94cca0d37870afa3",
        "type": "github"
      },
      "original": {
        "owner": "numtide",
        "repo": "treefmt-nix",
        "type": "github"
      }
    },
    "treefmt-nix_2": {
      "inputs": {
        "nixpkgs": [
          "nixpkgs"
        ]
      },
      "locked": {
        "lastModified": 1727431250,
        "narHash": "sha256-uGRlRT47ecicF9iLD1G3g43jn2e+b5KaMptb59LHnvM=",
        "owner": "numtide",
        "repo": "treefmt-nix",
        "rev": "879b29ae9a0378904fbbefe0dadaed43c8905754",
        "type": "github"
      },
      "original": {
        "owner": "numtide",
        "repo": "treefmt-nix",
        "type": "github"
      }
    }
  },
  "root": "root",
  "version": 7
}
